PODS:
  - BehaviorTextInput (1.0.1)

DEPENDENCIES:
  - BehaviorTextInput (from `../`)

EXTERNAL SOURCES:
  BehaviorTextInput:
    :path: "../"

SPEC CHECKSUMS:
  BehaviorTextInput: bde5d0589abe9b9068d6bff53bff053bbde8ac20

PODFILE CHECKSUM: 995767364bba080845315128da6c3b35bd14b422

COCOAPODS: 1.8.4
